{
  "lockfileVersion": 2,
  "configVersion": 1,
  "workspaces": {
    "": {
      "name": "@mlai/platform",
    },
    "packages/contracts": {
      "name": "@mlai/contracts",
      "version": "0.1.0",
    },
    "packages/design-tokens": {
      "name": "@mlai/design-tokens",
      "version": "0.1.0",
      "dependencies": {
        "@mlai/contracts": "workspace:*",
      },
    },
    "packages/tooling": {
      "name": "@mlai/tooling",
      "version": "0.1.0",
    },
  },
  "packages": {
    "@mlai/contracts": ["@mlai/contracts@workspace:packages/contracts"],

    "@mlai/design-tokens": ["@mlai/design-tokens@workspace:packages/design-tokens"],

    "@mlai/tooling": ["@mlai/tooling@workspace:packages/tooling"],
  }
}
